Microsoft Visual Studio Solution File, Format Version 11.00
# Visual Studio 2008

Project("{986F4EC5-6A12-1B3A-98A6-323111F38B48}") = "Unity-master", "Assembly-UnityScript.unityproj", "{65F1311E-5BC4-7173-943F-45B5E45647BA}"
EndProject
Global
	GlobalSection(SolutionConfigurationPlatforms) = preSolution
		Debug|Any CPU = Debug|Any CPU
		Release|Any CPU = Release|Any CPU
	EndGlobalSection
	GlobalSection(ProjectConfigurationPlatforms) = postSolution
		{65F1311E-5BC4-7173-943F-45B5E45647BA}.Debug|Any CPU.ActiveCfg = Debug|Any CPU
		{65F1311E-5BC4-7173-943F-45B5E45647BA}.Debug|Any CPU.Build.0 = Debug|Any CPU
		{65F1311E-5BC4-7173-943F-45B5E45647BA}.Release|Any CPU.ActiveCfg = Release|Any CPU
		{65F1311E-5BC4-7173-943F-45B5E45647BA}.Release|Any CPU.Build.0 = Release|Any CPU
	EndGlobalSection
	GlobalSection(SolutionProperties) = preSolution
		HideSolutionNode = FALSE
	EndGlobalSection
						GlobalSection(MonoDevelopProperties) = preSolution
		StartupItem = Assembly-CSharp.csproj
		Policies = $0
		$0.TextStylePolicy = $1
		$1.inheritsSet = null
		$1.scope = text/x-csharp
		$0.CSharpFormattingPolicy = $2
		$2.inheritsSet = Mono
		$2.inheritsScope = text/x-csharp
		$2.scope = text/x-csharp
		$0.TextStylePolicy = $3
		$3.FileWidth = 120
		$3.TabWidth = 4
		$3.EolMarker = Unix
		$3.inheritsSet = Mono
		$3.inheritsScope = text/plain
		$3.scope = text/plain
	EndGlobalSection

EndGlobal
